// !$*UTF8*$!
{
	archiveVersion = 1;
	classes = {
	};
	objectVersion = 46;
	objects = {

/* Begin PBXBuildFile section */
		CC0B35A2177907E600AB2646 /* UIKit.framework in Frameworks */ = {isa = PBXBuildFile; fileRef = CC0B35A1177907E600AB2646 /* UIKit.framework */; };
		CC0B35A4177907E600AB2646 /* Foundation.framework in Frameworks */ = {isa = PBXBuildFile; fileRef = CC0B35A3177907E600AB2646 /* Foundation.framework */; };
		CC0B35A6177907E600AB2646 /* CoreGraphics.framework in Frameworks */ = {isa = PBXBuildFile; fileRef = CC0B35A5177907E600AB2646 /* CoreGraphics.framework */; };
		CC0B35AC177907E600AB2646 /* InfoPlist.strings in Resources */ = {isa = PBXBuildFile; fileRef = CC0B35AA177907E600AB2646 /* InfoPlist.strings */; };
		CC0B35AE177907E600AB2646 /* main.m in Sources */ = {isa = PBXBuildFile; fileRef = CC0B35AD177907E600AB2646 /* main.m */; };
		CC0B35B2177907E600AB2646 /* AppDelegate.m in Sources */ = {isa = PBXBuildFile; fileRef = CC0B35B1177907E600AB2646 /* AppDelegate.m */; };
		CC0B35B4177907E600AB2646 /* Default.png in Resources */ = {isa = PBXBuildFile; fileRef = CC0B35B3177907E600AB2646 /* Default.png */; };
		CC0B35B6177907E600AB2646 /* Default@2x.png in Resources */ = {isa = PBXBuildFile; fileRef = CC0B35B5177907E600AB2646 /* Default@2x.png */; };
		CC0B35B8177907E600AB2646 /* Default-568h@2x.png in Resources */ = {isa = PBXBuildFile; fileRef = CC0B35B7177907E600AB2646 /* Default-568h@2x.png */; };
		CC0B35BB177907E600AB2646 /* MainStoryboard_iPhone.storyboard in Resources */ = {isa = PBXBuildFile; fileRef = CC0B35B9177907E600AB2646 /* MainStoryboard_iPhone.storyboard */; };
		CC0B35BE177907E600AB2646 /* MainStoryboard_iPad.storyboard in Resources */ = {isa = PBXBuildFile; fileRef = CC0B35BC177907E600AB2646 /* MainStoryboard_iPad.storyboard */; };
		CC0B35C1177907E600AB2646 /* ViewController.m in Sources */ = {isa = PBXBuildFile; fileRef = CC0B35C0177907E600AB2646 /* ViewController.m */; };
		CC0B35D21779087B00AB2646 /* Lato-Black.ttf in Resources */ = {isa = PBXBuildFile; fileRef = CC0B35C81779087B00AB2646 /* Lato-Black.ttf */; };
		CC0B35D31779087B00AB2646 /* Lato-BlackItalic.ttf in Resources */ = {isa = PBXBuildFile; fileRef = CC0B35C91779087B00AB2646 /* Lato-BlackItalic.ttf */; };
		CC0B35D41779087B00AB2646 /* Lato-Bold.ttf in Resources */ = {isa = PBXBuildFile; fileRef = CC0B35CA1779087B00AB2646 /* Lato-Bold.ttf */; };
		CC0B35D51779087B00AB2646 /* Lato-BoldItalic.ttf in Resources */ = {isa = PBXBuildFile; fileRef = CC0B35CB1779087B00AB2646 /* Lato-BoldItalic.ttf */; };
		CC0B35D61779087B00AB2646 /* Lato-Hairline.ttf in Resources */ = {isa = PBXBuildFile; fileRef = CC0B35CC1779087B00AB2646 /* Lato-Hairline.ttf */; };
		CC0B35D71779087B00AB2646 /* Lato-HairlineItalic.ttf in Resources */ = {isa = PBXBuildFile; fileRef = CC0B35CD1779087B00AB2646 /* Lato-HairlineItalic.ttf */; };
		CC0B35D81779087B00AB2646 /* Lato-Italic.ttf in Resources */ = {isa = PBXBuildFile; fileRef = CC0B35CE1779087B00AB2646 /* Lato-Italic.ttf */; };
		CC0B35D91779087B00AB2646 /* Lato-Light.ttf in Resources */ = {isa = PBXBuildFile; fileRef = CC0B35CF1779087B00AB2646 /* Lato-Light.ttf */; };
		CC0B35DA1779087B00AB2646 /* Lato-LightItalic.ttf in Resources */ = {isa = PBXBuildFile; fileRef = CC0B35D01779087B00AB2646 /* Lato-LightItalic.ttf */; };
		CC0B35DB1779087B00AB2646 /* Lato-Regular.ttf in Resources */ = {isa = PBXBuildFile; fileRef = CC0B35D11779087B00AB2646 /* Lato-Regular.ttf */; };
		CC0B35FB1779089900AB2646 /* FUIAlertView.m in Sources */ = {isa = PBXBuildFile; fileRef = CC0B35DE1779089900AB2646 /* FUIAlertView.m */; };
		CC0B35FC1779089900AB2646 /* FUIButton.m in Sources */ = {isa = PBXBuildFile; fileRef = CC0B35E01779089900AB2646 /* FUIButton.m */; };
		CC0B35FD1779089900AB2646 /* FUICellBackgroundView.m in Sources */ = {isa = PBXBuildFile; fileRef = CC0B35E21779089900AB2646 /* FUICellBackgroundView.m */; };
		CC0B35FE1779089900AB2646 /* FUISegmentedControl.m in Sources */ = {isa = PBXBuildFile; fileRef = CC0B35E41779089900AB2646 /* FUISegmentedControl.m */; };
		CC0B35FF1779089900AB2646 /* FUISwitch.m in Sources */ = {isa = PBXBuildFile; fileRef = CC0B35E61779089900AB2646 /* FUISwitch.m */; };
		CC0B36001779089900AB2646 /* UIBarButtonItem+FlatUI.m in Sources */ = {isa = PBXBuildFile; fileRef = CC0B35E81779089900AB2646 /* UIBarButtonItem+FlatUI.m */; };
		CC0B36011779089900AB2646 /* UIColor+FlatUI.m in Sources */ = {isa = PBXBuildFile; fileRef = CC0B35EA1779089900AB2646 /* UIColor+FlatUI.m */; };
		CC0B36021779089900AB2646 /* UIFont+FlatUI.m in Sources */ = {isa = PBXBuildFile; fileRef = CC0B35EC1779089900AB2646 /* UIFont+FlatUI.m */; };
		CC0B36031779089900AB2646 /* UIImage+FlatUI.m in Sources */ = {isa = PBXBuildFile; fileRef = CC0B35EE1779089900AB2646 /* UIImage+FlatUI.m */; };
		CC0B36041779089900AB2646 /* UINavigationBar+FlatUI.m in Sources */ = {isa = PBXBuildFile; fileRef = CC0B35F01779089900AB2646 /* UINavigationBar+FlatUI.m */; };
		CC0B36051779089900AB2646 /* UIProgressView+FlatUI.m in Sources */ = {isa = PBXBuildFile; fileRef = CC0B35F21779089900AB2646 /* UIProgressView+FlatUI.m */; };
		CC0B36061779089900AB2646 /* UISlider+FlatUI.m in Sources */ = {isa = PBXBuildFile; fileRef = CC0B35F41779089900AB2646 /* UISlider+FlatUI.m */; };
		CC0B36071779089900AB2646 /* UIStepper+FlatUI.m in Sources */ = {isa = PBXBuildFile; fileRef = CC0B35F61779089900AB2646 /* UIStepper+FlatUI.m */; };
		CC0B36081779089900AB2646 /* UITabBar+FlatUI.m in Sources */ = {isa = PBXBuildFile; fileRef = CC0B35F81779089900AB2646 /* UITabBar+FlatUI.m */; };
		CC0B36091779089900AB2646 /* UITableViewCell+FlatUI.m in Sources */ = {isa = PBXBuildFile; fileRef = CC0B35FA1779089900AB2646 /* UITableViewCell+FlatUI.m */; };
		CC2F899D17790B41004CE90D /* CoreText.framework in Frameworks */ = {isa = PBXBuildFile; fileRef = CC2F899C17790B41004CE90D /* CoreText.framework */; };
		CC3A2605178B7AAD005ADD64 /* glyphicons_157_show_lines.png in Resources */ = {isa = PBXBuildFile; fileRef = CC3A2603178B7AAD005ADD64 /* glyphicons_157_show_lines.png */; };
		CC3A2606178B7AAD005ADD64 /* glyphicons_157_show_lines@2x.png in Resources */ = {isa = PBXBuildFile; fileRef = CC3A2604178B7AAD005ADD64 /* glyphicons_157_show_lines@2x.png */; };
		CC3A260D178BACF2005ADD64 /* glyphicons_157_show_lines-darkblue.png in Resources */ = {isa = PBXBuildFile; fileRef = CC3A2607178BACF2005ADD64 /* glyphicons_157_show_lines-darkblue.png */; };
		CC3A260E178BACF2005ADD64 /* glyphicons_157_show_lines-darkblue@2x.png in Resources */ = {isa = PBXBuildFile; fileRef = CC3A2608178BACF2005ADD64 /* glyphicons_157_show_lines-darkblue@2x.png */; };
		CC3A260F178BACF2005ADD64 /* glyphicons_157_show_lines-lightblue.png in Resources */ = {isa = PBXBuildFile; fileRef = CC3A2609178BACF2005ADD64 /* glyphicons_157_show_lines-lightblue.png */; };
		CC3A2610178BACF2005ADD64 /* glyphicons_157_show_lines-lightblue@2x.png in Resources */ = {isa = PBXBuildFile; fileRef = CC3A260A178BACF2005ADD64 /* glyphicons_157_show_lines-lightblue@2x.png */; };
		CC3A2611178BACF2005ADD64 /* glyphicons_157_show_lines-white.png in Resources */ = {isa = PBXBuildFile; fileRef = CC3A260B178BACF2005ADD64 /* glyphicons_157_show_lines-white.png */; };
		CC3A2612178BACF2005ADD64 /* glyphicons_157_show_lines-white@2x.png in Resources */ = {isa = PBXBuildFile; fileRef = CC3A260C178BACF2005ADD64 /* glyphicons_157_show_lines-white@2x.png */; };
/* End PBXBuildFile section */

/* Begin PBXFileReference section */
		CC0B359E177907E600AB2646 /* AnonConn.app */ = {isa = PBXFileReference; explicitFileType = wrapper.application; includeInIndex = 0; path = AnonConn.app; sourceTree = BUILT_PRODUCTS_DIR; };
		CC0B35A1177907E600AB2646 /* UIKit.framework */ = {isa = PBXFileReference; lastKnownFileType = wrapper.framework; name = UIKit.framework; path = System/Library/Frameworks/UIKit.framework; sourceTree = SDKROOT; };
		CC0B35A3177907E600AB2646 /* Foundation.framework */ = {isa = PBXFileReference; lastKnownFileType = wrapper.framework; name = Foundation.framework; path = System/Library/Frameworks/Foundation.framework; sourceTree = SDKROOT; };
		CC0B35A5177907E600AB2646 /* CoreGraphics.framework */ = {isa = PBXFileReference; lastKnownFileType = wrapper.framework; name = CoreGraphics.framework; path = System/Library/Frameworks/CoreGraphics.framework; sourceTree = SDKROOT; };
		CC0B35A9177907E600AB2646 /* AnonConn-Info.plist */ = {isa = PBXFileReference; lastKnownFileType = text.plist.xml; path = "AnonConn-Info.plist"; sourceTree = "<group>"; };
		CC0B35AB177907E600AB2646 /* en */ = {isa = PBXFileReference; lastKnownFileType = text.plist.strings; name = en; path = en.lproj/InfoPlist.strings; sourceTree = "<group>"; };
		CC0B35AD177907E600AB2646 /* main.m */ = {isa = PBXFileReference; lastKnownFileType = sourcecode.c.objc; path = main.m; sourceTree = "<group>"; };
		CC0B35AF177907E600AB2646 /* AnonConn-Prefix.pch */ = {isa = PBXFileReference; lastKnownFileType = sourcecode.c.h; path = "AnonConn-Prefix.pch"; sourceTree = "<group>"; };
		CC0B35B0177907E600AB2646 /* AppDelegate.h */ = {isa = PBXFileReference; lastKnownFileType = sourcecode.c.h; path = AppDelegate.h; sourceTree = "<group>"; };
		CC0B35B1177907E600AB2646 /* AppDelegate.m */ = {isa = PBXFileReference; lastKnownFileType = sourcecode.c.objc; path = AppDelegate.m; sourceTree = "<group>"; };
		CC0B35B3177907E600AB2646 /* Default.png */ = {isa = PBXFileReference; lastKnownFileType = image.png; path = Default.png; sourceTree = "<group>"; };
		CC0B35B5177907E600AB2646 /* Default@2x.png */ = {isa = PBXFileReference; lastKnownFileType = image.png; path = "Default@2x.png"; sourceTree = "<group>"; };
		CC0B35B7177907E600AB2646 /* Default-568h@2x.png */ = {isa = PBXFileReference; lastKnownFileType = image.png; path = "Default-568h@2x.png"; sourceTree = "<group>"; };
		CC0B35BA177907E600AB2646 /* en */ = {isa = PBXFileReference; lastKnownFileType = file.storyboard; name = en; path = en.lproj/MainStoryboard_iPhone.storyboard; sourceTree = "<group>"; };
		CC0B35BD177907E600AB2646 /* en */ = {isa = PBXFileReference; lastKnownFileType = file.storyboard; name = en; path = en.lproj/MainStoryboard_iPad.storyboard; sourceTree = "<group>"; };
		CC0B35BF177907E600AB2646 /* ViewController.h */ = {isa = PBXFileReference; lastKnownFileType = sourcecode.c.h; path = ViewController.h; sourceTree = "<group>"; };
		CC0B35C0177907E600AB2646 /* ViewController.m */ = {isa = PBXFileReference; lastKnownFileType = sourcecode.c.objc; path = ViewController.m; sourceTree = "<group>"; };
		CC0B35C81779087B00AB2646 /* Lato-Black.ttf */ = {isa = PBXFileReference; lastKnownFileType = file; path = "Lato-Black.ttf"; sourceTree = "<group>"; };
		CC0B35C91779087B00AB2646 /* Lato-BlackItalic.ttf */ = {isa = PBXFileReference; lastKnownFileType = file; path = "Lato-BlackItalic.ttf"; sourceTree = "<group>"; };
		CC0B35CA1779087B00AB2646 /* Lato-Bold.ttf */ = {isa = PBXFileReference; lastKnownFileType = file; path = "Lato-Bold.ttf"; sourceTree = "<group>"; };
		CC0B35CB1779087B00AB2646 /* Lato-BoldItalic.ttf */ = {isa = PBXFileReference; lastKnownFileType = file; path = "Lato-BoldItalic.ttf"; sourceTree = "<group>"; };
		CC0B35CC1779087B00AB2646 /* Lato-Hairline.ttf */ = {isa = PBXFileReference; lastKnownFileType = file; path = "Lato-Hairline.ttf"; sourceTree = "<group>"; };
		CC0B35CD1779087B00AB2646 /* Lato-HairlineItalic.ttf */ = {isa = PBXFileReference; lastKnownFileType = file; path = "Lato-HairlineItalic.ttf"; sourceTree = "<group>"; };
		CC0B35CE1779087B00AB2646 /* Lato-Italic.ttf */ = {isa = PBXFileReference; lastKnownFileType = file; path = "Lato-Italic.ttf"; sourceTree = "<group>"; };
		CC0B35CF1779087B00AB2646 /* Lato-Light.ttf */ = {isa = PBXFileReference; lastKnownFileType = file; path = "Lato-Light.ttf"; sourceTree = "<group>"; };
		CC0B35D01779087B00AB2646 /* Lato-LightItalic.ttf */ = {isa = PBXFileReference; lastKnownFileType = file; path = "Lato-LightItalic.ttf"; sourceTree = "<group>"; };
		CC0B35D11779087B00AB2646 /* Lato-Regular.ttf */ = {isa = PBXFileReference; lastKnownFileType = file; path = "Lato-Regular.ttf"; sourceTree = "<group>"; };
		CC0B35DC1779089900AB2646 /* FlatUIKit.h */ = {isa = PBXFileReference; fileEncoding = 4; lastKnownFileType = sourcecode.c.h; path = FlatUIKit.h; sourceTree = "<group>"; };
		CC0B35DD1779089900AB2646 /* FUIAlertView.h */ = {isa = PBXFileReference; fileEncoding = 4; lastKnownFileType = sourcecode.c.h; path = FUIAlertView.h; sourceTree = "<group>"; };
		CC0B35DE1779089900AB2646 /* FUIAlertView.m */ = {isa = PBXFileReference; fileEncoding = 4; lastKnownFileType = sourcecode.c.objc; path = FUIAlertView.m; sourceTree = "<group>"; };
		CC0B35DF1779089900AB2646 /* FUIButton.h */ = {isa = PBXFileReference; fileEncoding = 4; lastKnownFileType = sourcecode.c.h; path = FUIButton.h; sourceTree = "<group>"; };
		CC0B35E01779089900AB2646 /* FUIButton.m */ = {isa = PBXFileReference; fileEncoding = 4; lastKnownFileType = sourcecode.c.objc; path = FUIButton.m; sourceTree = "<group>"; };
		CC0B35E11779089900AB2646 /* FUICellBackgroundView.h */ = {isa = PBXFileReference; fileEncoding = 4; lastKnownFileType = sourcecode.c.h; path = FUICellBackgroundView.h; sourceTree = "<group>"; };
		CC0B35E21779089900AB2646 /* FUICellBackgroundView.m */ = {isa = PBXFileReference; fileEncoding = 4; lastKnownFileType = sourcecode.c.objc; path = FUICellBackgroundView.m; sourceTree = "<group>"; };
		CC0B35E31779089900AB2646 /* FUISegmentedControl.h */ = {isa = PBXFileReference; fileEncoding = 4; lastKnownFileType = sourcecode.c.h; path = FUISegmentedControl.h; sourceTree = "<group>"; };
		CC0B35E41779089900AB2646 /* FUISegmentedControl.m */ = {isa = PBXFileReference; fileEncoding = 4; lastKnownFileType = sourcecode.c.objc; path = FUISegmentedControl.m; sourceTree = "<group>"; };
		CC0B35E51779089900AB2646 /* FUISwitch.h */ = {isa = PBXFileReference; fileEncoding = 4; lastKnownFileType = sourcecode.c.h; path = FUISwitch.h; sourceTree = "<group>"; };
		CC0B35E61779089900AB2646 /* FUISwitch.m */ = {isa = PBXFileReference; fileEncoding = 4; lastKnownFileType = sourcecode.c.objc; path = FUISwitch.m; sourceTree = "<group>"; };
		CC0B35E71779089900AB2646 /* UIBarButtonItem+FlatUI.h */ = {isa = PBXFileReference; fileEncoding = 4; lastKnownFileType = sourcecode.c.h; path = "UIBarButtonItem+FlatUI.h"; sourceTree = "<group>"; };
		CC0B35E81779089900AB2646 /* UIBarButtonItem+FlatUI.m */ = {isa = PBXFileReference; fileEncoding = 4; lastKnownFileType = sourcecode.c.objc; path = "UIBarButtonItem+FlatUI.m"; sourceTree = "<group>"; };
		CC0B35E91779089900AB2646 /* UIColor+FlatUI.h */ = {isa = PBXFileReference; fileEncoding = 4; lastKnownFileType = sourcecode.c.h; path = "UIColor+FlatUI.h"; sourceTree = "<group>"; };
		CC0B35EA1779089900AB2646 /* UIColor+FlatUI.m */ = {isa = PBXFileReference; fileEncoding = 4; lastKnownFileType = sourcecode.c.objc; path = "UIColor+FlatUI.m"; sourceTree = "<group>"; };
		CC0B35EB1779089900AB2646 /* UIFont+FlatUI.h */ = {isa = PBXFileReference; fileEncoding = 4; lastKnownFileType = sourcecode.c.h; path = "UIFont+FlatUI.h"; sourceTree = "<group>"; };
		CC0B35EC1779089900AB2646 /* UIFont+FlatUI.m */ = {isa = PBXFileReference; fileEncoding = 4; lastKnownFileType = sourcecode.c.objc; path = "UIFont+FlatUI.m"; sourceTree = "<group>"; };
		CC0B35ED1779089900AB2646 /* UIImage+FlatUI.h */ = {isa = PBXFileReference; fileEncoding = 4; lastKnownFileType = sourcecode.c.h; path = "UIImage+FlatUI.h"; sourceTree = "<group>"; };
		CC0B35EE1779089900AB2646 /* UIImage+FlatUI.m */ = {isa = PBXFileReference; fileEncoding = 4; lastKnownFileType = sourcecode.c.objc; path = "UIImage+FlatUI.m"; sourceTree = "<group>"; };
		CC0B35EF1779089900AB2646 /* UINavigationBar+FlatUI.h */ = {isa = PBXFileReference; fileEncoding = 4; lastKnownFileType = sourcecode.c.h; path = "UINavigationBar+FlatUI.h"; sourceTree = "<group>"; };
		CC0B35F01779089900AB2646 /* UINavigationBar+FlatUI.m */ = {isa = PBXFileReference; fileEncoding = 4; lastKnownFileType = sourcecode.c.objc; path = "UINavigationBar+FlatUI.m"; sourceTree = "<group>"; };
		CC0B35F11779089900AB2646 /* UIProgressView+FlatUI.h */ = {isa = PBXFileReference; fileEncoding = 4; lastKnownFileType = sourcecode.c.h; path = "UIProgressView+FlatUI.h"; sourceTree = "<group>"; };
		CC0B35F21779089900AB2646 /* UIProgressView+FlatUI.m */ = {isa = PBXFileReference; fileEncoding = 4; lastKnownFileType = sourcecode.c.objc; path = "UIProgressView+FlatUI.m"; sourceTree = "<group>"; };
		CC0B35F31779089900AB2646 /* UISlider+FlatUI.h */ = {isa = PBXFileReference; fileEncoding = 4; lastKnownFileType = sourcecode.c.h; path = "UISlider+FlatUI.h"; sourceTree = "<group>"; };
		CC0B35F41779089900AB2646 /* UISlider+FlatUI.m */ = {isa = PBXFileReference; fileEncoding = 4; lastKnownFileType = sourcecode.c.objc; path = "UISlider+FlatUI.m"; sourceTree = "<group>"; };
		CC0B35F51779089900AB2646 /* UIStepper+FlatUI.h */ = {isa = PBXFileReference; fileEncoding = 4; lastKnownFileType = sourcecode.c.h; path = "UIStepper+FlatUI.h"; sourceTree = "<group>"; };
		CC0B35F61779089900AB2646 /* UIStepper+FlatUI.m */ = {isa = PBXFileReference; fileEncoding = 4; lastKnownFileType = sourcecode.c.objc; path = "UIStepper+FlatUI.m"; sourceTree = "<group>"; };
		CC0B35F71779089900AB2646 /* UITabBar+FlatUI.h */ = {isa = PBXFileReference; fileEncoding = 4; lastKnownFileType = sourcecode.c.h; path = "UITabBar+FlatUI.h"; sourceTree = "<group>"; };
		CC0B35F81779089900AB2646 /* UITabBar+FlatUI.m */ = {isa = PBXFileReference; fileEncoding = 4; lastKnownFileType = sourcecode.c.objc; path = "UITabBar+FlatUI.m"; sourceTree = "<group>"; };
		CC0B35F91779089900AB2646 /* UITableViewCell+FlatUI.h */ = {isa = PBXFileReference; fileEncoding = 4; lastKnownFileType = sourcecode.c.h; path = "UITableViewCell+FlatUI.h"; sourceTree = "<group>"; };
		CC0B35FA1779089900AB2646 /* UITableViewCell+FlatUI.m */ = {isa = PBXFileReference; fileEncoding = 4; lastKnownFileType = sourcecode.c.objc; path = "UITableViewCell+FlatUI.m"; sourceTree = "<group>"; };
		CC2F899C17790B41004CE90D /* CoreText.framework */ = {isa = PBXFileReference; lastKnownFileType = wrapper.framework; name = CoreText.framework; path = System/Library/Frameworks/CoreText.framework; sourceTree = SDKROOT; };
		CC3A2603178B7AAD005ADD64 /* glyphicons_157_show_lines.png */ = {isa = PBXFileReference; lastKnownFileType = image.png; path = glyphicons_157_show_lines.png; sourceTree = "<group>"; };
		CC3A2604178B7AAD005ADD64 /* glyphicons_157_show_lines@2x.png */ = {isa = PBXFileReference; lastKnownFileType = image.png; path = "glyphicons_157_show_lines@2x.png"; sourceTree = "<group>"; };
		CC3A2607178BACF2005ADD64 /* glyphicons_157_show_lines-darkblue.png */ = {isa = PBXFileReference; lastKnownFileType = image.png; path = "glyphicons_157_show_lines-darkblue.png"; sourceTree = "<group>"; };
		CC3A2608178BACF2005ADD64 /* glyphicons_157_show_lines-darkblue@2x.png */ = {isa = PBXFileReference; lastKnownFileType = image.png; path = "glyphicons_157_show_lines-darkblue@2x.png"; sourceTree = "<group>"; };
		CC3A2609178BACF2005ADD64 /* glyphicons_157_show_lines-lightblue.png */ = {isa = PBXFileReference; lastKnownFileType = image.png; path = "glyphicons_157_show_lines-lightblue.png"; sourceTree = "<group>"; };
		CC3A260A178BACF2005ADD64 /* glyphicons_157_show_lines-lightblue@2x.png */ = {isa = PBXFileReference; lastKnownFileType = image.png; path = "glyphicons_157_show_lines-lightblue@2x.png"; sourceTree = "<group>"; };
		CC3A260B178BACF2005ADD64 /* glyphicons_157_show_lines-white.png */ = {isa = PBXFileReference; lastKnownFileType = image.png; path = "glyphicons_157_show_lines-white.png"; sourceTree = "<group>"; };
		CC3A260C178BACF2005ADD64 /* glyphicons_157_show_lines-white@2x.png */ = {isa = PBXFileReference; lastKnownFileType = image.png; path = "glyphicons_157_show_lines-white@2x.png"; sourceTree = "<group>"; };
/* End PBXFileReference section */

/* Begin PBXFrameworksBuildPhase section */
		CC0B359B177907E600AB2646 /* Frameworks */ = {
			isa = PBXFrameworksBuildPhase;
			buildActionMask = 2147483647;
			files = (
				CC2F899D17790B41004CE90D /* CoreText.framework in Frameworks */,
				CC0B35A2177907E600AB2646 /* UIKit.framework in Frameworks */,
				CC0B35A4177907E600AB2646 /* Foundation.framework in Frameworks */,
				CC0B35A6177907E600AB2646 /* CoreGraphics.framework in Frameworks */,
			);
			runOnlyForDeploymentPostprocessing = 0;
		};
/* End PBXFrameworksBuildPhase section */

/* Begin PBXGroup section */
		CC0B3595177907E600AB2646 = {
			isa = PBXGroup;
			children = (
				CC0B360A177908A500AB2646 /* FlatUIKit */,
				CC0B35C71779087B00AB2646 /* Resources */,
				CC0B35A7177907E600AB2646 /* AnonConn */,
				CC0B35A0177907E600AB2646 /* Frameworks */,
				CC0B359F177907E600AB2646 /* Products */,
			);
			sourceTree = "<group>";
		};
		CC0B359F177907E600AB2646 /* Products */ = {
			isa = PBXGroup;
			children = (
				CC0B359E177907E600AB2646 /* AnonConn.app */,
			);
			name = Products;
			sourceTree = "<group>";
		};
		CC0B35A0177907E600AB2646 /* Frameworks */ = {
			isa = PBXGroup;
			children = (
				CC2F899C17790B41004CE90D /* CoreText.framework */,
				CC0B35A1177907E600AB2646 /* UIKit.framework */,
				CC0B35A3177907E600AB2646 /* Foundation.framework */,
				CC0B35A5177907E600AB2646 /* CoreGraphics.framework */,
			);
			name = Frameworks;
			sourceTree = "<group>";
		};
		CC0B35A7177907E600AB2646 /* AnonConn */ = {
			isa = PBXGroup;
			children = (
				CC0B35B0177907E600AB2646 /* AppDelegate.h */,
				CC0B35B1177907E600AB2646 /* AppDelegate.m */,
				CC0B35B9177907E600AB2646 /* MainStoryboard_iPhone.storyboard */,
				CC0B35BC177907E600AB2646 /* MainStoryboard_iPad.storyboard */,
				CC0B35BF177907E600AB2646 /* ViewController.h */,
				CC0B35C0177907E600AB2646 /* ViewController.m */,
				CC0B35A8177907E600AB2646 /* Supporting Files */,
			);
			path = AnonConn;
			sourceTree = "<group>";
		};
		CC0B35A8177907E600AB2646 /* Supporting Files */ = {
			isa = PBXGroup;
			children = (
				CC0B35A9177907E600AB2646 /* AnonConn-Info.plist */,
				CC0B35AA177907E600AB2646 /* InfoPlist.strings */,
				CC0B35AD177907E600AB2646 /* main.m */,
				CC0B35AF177907E600AB2646 /* AnonConn-Prefix.pch */,
				CC0B35B3177907E600AB2646 /* Default.png */,
				CC0B35B5177907E600AB2646 /* Default@2x.png */,
				CC0B35B7177907E600AB2646 /* Default-568h@2x.png */,
			);
			name = "Supporting Files";
			sourceTree = "<group>";
		};
		CC0B35C71779087B00AB2646 /* Resources */ = {
			isa = PBXGroup;
			children = (
				CC3A2607178BACF2005ADD64 /* glyphicons_157_show_lines-darkblue.png */,
				CC3A2608178BACF2005ADD64 /* glyphicons_157_show_lines-darkblue@2x.png */,
				CC3A2609178BACF2005ADD64 /* glyphicons_157_show_lines-lightblue.png */,
				CC3A260A178BACF2005ADD64 /* glyphicons_157_show_lines-lightblue@2x.png */,
				CC3A260B178BACF2005ADD64 /* glyphicons_157_show_lines-white.png */,
				CC3A260C178BACF2005ADD64 /* glyphicons_157_show_lines-white@2x.png */,
				CC3A2603178B7AAD005ADD64 /* glyphicons_157_show_lines.png */,
				CC3A2604178B7AAD005ADD64 /* glyphicons_157_show_lines@2x.png */,
				CC0B35C81779087B00AB2646 /* Lato-Black.ttf */,
				CC0B35C91779087B00AB2646 /* Lato-BlackItalic.ttf */,
				CC0B35CA1779087B00AB2646 /* Lato-Bold.ttf */,
				CC0B35CB1779087B00AB2646 /* Lato-BoldItalic.ttf */,
				CC0B35CC1779087B00AB2646 /* Lato-Hairline.ttf */,
				CC0B35CD1779087B00AB2646 /* Lato-HairlineItalic.ttf */,
				CC0B35CE1779087B00AB2646 /* Lato-Italic.ttf */,
				CC0B35CF1779087B00AB2646 /* Lato-Light.ttf */,
				CC0B35D01779087B00AB2646 /* Lato-LightItalic.ttf */,
				CC0B35D11779087B00AB2646 /* Lato-Regular.ttf */,
			);
			path = Resources;
			sourceTree = "<group>";
		};
		CC0B360A177908A500AB2646 /* FlatUIKit */ = {
			isa = PBXGroup;
			children = (
				CC0B35DC1779089900AB2646 /* FlatUIKit.h */,
				CC0B35DD1779089900AB2646 /* FUIAlertView.h */,
				CC0B35DE1779089900AB2646 /* FUIAlertView.m */,
				CC0B35DF1779089900AB2646 /* FUIButton.h */,
				CC0B35E01779089900AB2646 /* FUIButton.m */,
				CC0B35E11779089900AB2646 /* FUICellBackgroundView.h */,
				CC0B35E21779089900AB2646 /* FUICellBackgroundView.m */,
				CC0B35E31779089900AB2646 /* FUISegmentedControl.h */,
				CC0B35E41779089900AB2646 /* FUISegmentedControl.m */,
				CC0B35E51779089900AB2646 /* FUISwitch.h */,
				CC0B35E61779089900AB2646 /* FUISwitch.m */,
				CC0B35E71779089900AB2646 /* UIBarButtonItem+FlatUI.h */,
				CC0B35E81779089900AB2646 /* UIBarButtonItem+FlatUI.m */,
				CC0B35E91779089900AB2646 /* UIColor+FlatUI.h */,
				CC0B35EA1779089900AB2646 /* UIColor+FlatUI.m */,
				CC0B35EB1779089900AB2646 /* UIFont+FlatUI.h */,
				CC0B35EC1779089900AB2646 /* UIFont+FlatUI.m */,
				CC0B35ED1779089900AB2646 /* UIImage+FlatUI.h */,
				CC0B35EE1779089900AB2646 /* UIImage+FlatUI.m */,
				CC0B35EF1779089900AB2646 /* UINavigationBar+FlatUI.h */,
				CC0B35F01779089900AB2646 /* UINavigationBar+FlatUI.m */,
				CC0B35F11779089900AB2646 /* UIProgressView+FlatUI.h */,
				CC0B35F21779089900AB2646 /* UIProgressView+FlatUI.m */,
				CC0B35F31779089900AB2646 /* UISlider+FlatUI.h */,
				CC0B35F41779089900AB2646 /* UISlider+FlatUI.m */,
				CC0B35F51779089900AB2646 /* UIStepper+FlatUI.h */,
				CC0B35F61779089900AB2646 /* UIStepper+FlatUI.m */,
				CC0B35F71779089900AB2646 /* UITabBar+FlatUI.h */,
				CC0B35F81779089900AB2646 /* UITabBar+FlatUI.m */,
				CC0B35F91779089900AB2646 /* UITableViewCell+FlatUI.h */,
				CC0B35FA1779089900AB2646 /* UITableViewCell+FlatUI.m */,
			);
			name = FlatUIKit;
			sourceTree = "<group>";
		};
/* End PBXGroup section */

/* Begin PBXNativeTarget section */
		CC0B359D177907E600AB2646 /* AnonConn */ = {
			isa = PBXNativeTarget;
			buildConfigurationList = CC0B35C4177907E600AB2646 /* Build configuration list for PBXNativeTarget "AnonConn" */;
			buildPhases = (
				CC0B359A177907E600AB2646 /* Sources */,
				CC0B359B177907E600AB2646 /* Frameworks */,
				CC0B359C177907E600AB2646 /* Resources */,
			);
			buildRules = (
			);
			dependencies = (
			);
			name = AnonConn;
			productName = AnonConn;
			productReference = CC0B359E177907E600AB2646 /* AnonConn.app */;
			productType = "com.apple.product-type.application";
		};
/* End PBXNativeTarget section */

/* Begin PBXProject section */
		CC0B3596177907E600AB2646 /* Project object */ = {
			isa = PBXProject;
			attributes = {
				LastUpgradeCheck = 0460;
				ORGANIZATIONNAME = "Dawson Blackhouse";
			};
			buildConfigurationList = CC0B3599177907E600AB2646 /* Build configuration list for PBXProject "AnonConn" */;
			compatibilityVersion = "Xcode 3.2";
			developmentRegion = English;
			hasScannedForEncodings = 0;
			knownRegions = (
				en,
			);
			mainGroup = CC0B3595177907E600AB2646;
			productRefGroup = CC0B359F177907E600AB2646 /* Products */;
			projectDirPath = "";
			projectRoot = "";
			targets = (
				CC0B359D177907E600AB2646 /* AnonConn */,
			);
		};
/* End PBXProject section */

/* Begin PBXResourcesBuildPhase section */
		CC0B359C177907E600AB2646 /* Resources */ = {
			isa = PBXResourcesBuildPhase;
			buildActionMask = 2147483647;
			files = (
				CC0B35AC177907E600AB2646 /* InfoPlist.strings in Resources */,
				CC0B35B4177907E600AB2646 /* Default.png in Resources */,
				CC0B35B6177907E600AB2646 /* Default@2x.png in Resources */,
				CC0B35B8177907E600AB2646 /* Default-568h@2x.png in Resources */,
				CC0B35BB177907E600AB2646 /* MainStoryboard_iPhone.storyboard in Resources */,
				CC0B35BE177907E600AB2646 /* MainStoryboard_iPad.storyboard in Resources */,
				CC0B35D21779087B00AB2646 /* Lato-Black.ttf in Resources */,
				CC0B35D31779087B00AB2646 /* Lato-BlackItalic.ttf in Resources */,
				CC0B35D41779087B00AB2646 /* Lato-Bold.ttf in Resources */,
				CC0B35D51779087B00AB2646 /* Lato-BoldItalic.ttf in Resources */,
				CC0B35D61779087B00AB2646 /* Lato-Hairline.ttf in Resources */,
				CC0B35D71779087B00AB2646 /* Lato-HairlineItalic.ttf in Resources */,
				CC0B35D81779087B00AB2646 /* Lato-Italic.ttf in Resources */,
				CC0B35D91779087B00AB2646 /* Lato-Light.ttf in Resources */,
				CC0B35DA1779087B00AB2646 /* Lato-LightItalic.ttf in Resources */,
				CC0B35DB1779087B00AB2646 /* Lato-Regular.ttf in Resources */,
				CC3A2605178B7AAD005ADD64 /* glyphicons_157_show_lines.png in Resources */,
				CC3A2606178B7AAD005ADD64 /* glyphicons_157_show_lines@2x.png in Resources */,
				CC3A260D178BACF2005ADD64 /* glyphicons_157_show_lines-darkblue.png in Resources */,
				CC3A260E178BACF2005ADD64 /* glyphicons_157_show_lines-darkblue@2x.png in Resources */,
				CC3A260F178BACF2005ADD64 /* glyphicons_157_show_lines-lightblue.png in Resources */,
				CC3A2610178BACF2005ADD64 /* glyphicons_157_show_lines-lightblue@2x.png in Resources */,
				CC3A2611178BACF2005ADD64 /* glyphicons_157_show_lines-white.png in Resources */,
				CC3A2612178BACF2005ADD64 /* glyphicons_157_show_lines-white@2x.png in Resources */,
			);
			runOnlyForDeploymentPostprocessing = 0;
		};
/* End PBXResourcesBuildPhase section */

/* Begin PBXSourcesBuildPhase section */
		CC0B359A177907E600AB2646 /* Sources */ = {
			isa = PBXSourcesBuildPhase;
			buildActionMask = 2147483647;
			files = (
				CC0B35AE177907E600AB2646 /* main.m in Sources */,
				CC0B35B2177907E600AB2646 /* AppDelegate.m in Sources */,
				CC0B35C1177907E600AB2646 /* ViewController.m in Sources */,
				CC0B35FB1779089900AB2646 /* FUIAlertView.m in Sources */,
				CC0B35FC1779089900AB2646 /* FUIButton.m in Sources */,
				CC0B35FD1779089900AB2646 /* FUICellBackgroundView.m in Sources */,
				CC0B35FE1779089900AB2646 /* FUISegmentedControl.m in Sources */,
				CC0B35FF1779089900AB2646 /* FUISwitch.m in Sources */,
				CC0B36001779089900AB2646 /* UIBarButtonItem+FlatUI.m in Sources */,
				CC0B36011779089900AB2646 /* UIColor+FlatUI.m in Sources */,
				CC0B36021779089900AB2646 /* UIFont+FlatUI.m in Sources */,
				CC0B36031779089900AB2646 /* UIImage+FlatUI.m in Sources */,
				CC0B36041779089900AB2646 /* UINavigationBar+FlatUI.m in Sources */,
				CC0B36051779089900AB2646 /* UIProgressView+FlatUI.m in Sources */,
				CC0B36061779089900AB2646 /* UISlider+FlatUI.m in Sources */,
				CC0B36071779089900AB2646 /* UIStepper+FlatUI.m in Sources */,
				CC0B36081779089900AB2646 /* UITabBar+FlatUI.m in Sources */,
				CC0B36091779089900AB2646 /* UITableViewCell+FlatUI.m in Sources */,
			);
			runOnlyForDeploymentPostprocessing = 0;
		};
/* End PBXSourcesBuildPhase section */

/* Begin PBXVariantGroup section */
		CC0B35AA177907E600AB2646 /* InfoPlist.strings */ = {
			isa = PBXVariantGroup;
			children = (
				CC0B35AB177907E600AB2646 /* en */,
			);
			name = InfoPlist.strings;
			sourceTree = "<group>";
		};
		CC0B35B9177907E600AB2646 /* MainStoryboard_iPhone.storyboard */ = {
			isa = PBXVariantGroup;
			children = (
				CC0B35BA177907E600AB2646 /* en */,
			);
			name = MainStoryboard_iPhone.storyboard;
			sourceTree = "<group>";
		};
		CC0B35BC177907E600AB2646 /* MainStoryboard_iPad.storyboard */ = {
			isa = PBXVariantGroup;
			children = (
				CC0B35BD177907E600AB2646 /* en */,
			);
			name = MainStoryboard_iPad.storyboard;
			sourceTree = "<group>";
		};
/* End PBXVariantGroup section */

/* Begin XCBuildConfiguration section */
		CC0B35C2177907E600AB2646 /* Debug */ = {
			isa = XCBuildConfiguration;
			buildSettings = {
				ALWAYS_SEARCH_USER_PATHS = NO;
				CLANG_CXX_LANGUAGE_STANDARD = "gnu++0x";
				CLANG_CXX_LIBRARY = "libc++";
				CLANG_ENABLE_OBJC_ARC = YES;
				CLANG_WARN_CONSTANT_CONVERSION = YES;
				CLANG_WARN_EMPTY_BODY = YES;
				CLANG_WARN_ENUM_CONVERSION = YES;
				CLANG_WARN_INT_CONVERSION = YES;
				CLANG_WARN__DUPLICATE_METHOD_MATCH = YES;
				"CODE_SIGN_IDENTITY[sdk=iphoneos*]" = "iPhone Developer";
				COPY_PHASE_STRIP = NO;
				GCC_C_LANGUAGE_STANDARD = gnu99;
				GCC_DYNAMIC_NO_PIC = NO;
				GCC_OPTIMIZATION_LEVEL = 0;
				GCC_PREPROCESSOR_DEFINITIONS = (
					"DEBUG=1",
					"$(inherited)",
				);
				GCC_SYMBOLS_PRIVATE_EXTERN = NO;
				GCC_WARN_ABOUT_RETURN_TYPE = YES;
				GCC_WARN_UNINITIALIZED_AUTOS = YES;
				GCC_WARN_UNUSED_VARIABLE = YES;
				IPHONEOS_DEPLOYMENT_TARGET = 6.1;
				ONLY_ACTIVE_ARCH = YES;
				SDKROOT = iphoneos;
				TARGETED_DEVICE_FAMILY = "1,2";
			};
			name = Debug;
		};
		CC0B35C3177907E600AB2646 /* Release */ = {
			isa = XCBuildConfiguration;
			buildSettings = {
				ALWAYS_SEARCH_USER_PATHS = NO;
				CLANG_CXX_LANGUAGE_STANDARD = "gnu++0x";
				CLANG_CXX_LIBRARY = "libc++";
				CLANG_ENABLE_OBJC_ARC = YES;
				CLANG_WARN_CONSTANT_CONVERSION = YES;
				CLANG_WARN_EMPTY_BODY = YES;
				CLANG_WARN_ENUM_CONVERSION = YES;
				CLANG_WARN_INT_CONVERSION = YES;
				CLANG_WARN__DUPLICATE_METHOD_MATCH = YES;
				"CODE_SIGN_IDENTITY[sdk=iphoneos*]" = "iPhone Developer";
				COPY_PHASE_STRIP = YES;
				GCC_C_LANGUAGE_STANDARD = gnu99;
				GCC_WARN_ABOUT_RETURN_TYPE = YES;
				GCC_WARN_UNINITIALIZED_AUTOS = YES;
				GCC_WARN_UNUSED_VARIABLE = YES;
				IPHONEOS_DEPLOYMENT_TARGET = 6.1;
				OTHER_CFLAGS = "-DNS_BLOCK_ASSERTIONS=1";
				SDKROOT = iphoneos;
				TARGETED_DEVICE_FAMILY = "1,2";
				VALIDATE_PRODUCT = YES;
			};
			name = Release;
		};
		CC0B35C5177907E600AB2646 /* Debug */ = {
			isa = XCBuildConfiguration;
			buildSettings = {
				GCC_PRECOMPILE_PREFIX_HEADER = YES;
				GCC_PREFIX_HEADER = "AnonConn/AnonConn-Prefix.pch";
				INFOPLIST_FILE = "AnonConn/AnonConn-Info.plist";
				PRODUCT_NAME = "$(TARGET_NAME)";
				WRAPPER_EXTENSION = app;
			};
			name = Debug;
		};
		CC0B35C6177907E600AB2646 /* Release */ = {
			isa = XCBuildConfiguration;
			buildSettings = {
				GCC_PRECOMPILE_PREFIX_HEADER = YES;
				GCC_PREFIX_HEADER = "AnonConn/AnonConn-Prefix.pch";
				INFOPLIST_FILE = "AnonConn/AnonConn-Info.plist";
				PRODUCT_NAME = "$(TARGET_NAME)";
				WRAPPER_EXTENSION = app;
			};
			name = Release;
		};
/* End XCBuildConfiguration section */

/* Begin XCConfigurationList section */
		CC0B3599177907E600AB2646 /* Build configuration list for PBXProject "AnonConn" */ = {
			isa = XCConfigurationList;
			buildConfigurations = (
				CC0B35C2177907E600AB2646 /* Debug */,
				CC0B35C3177907E600AB2646 /* Release */,
			);
			defaultConfigurationIsVisible = 0;
			defaultConfigurationName = Release;
		};
		CC0B35C4177907E600AB2646 /* Build configuration list for PBXNativeTarget "AnonConn" */ = {
			isa = XCConfigurationList;
			buildConfigurations = (
				CC0B35C5177907E600AB2646 /* Debug */,
				CC0B35C6177907E600AB2646 /* Release */,
			);
			defaultConfigurationIsVisible = 0;
			defaultConfigurationName = Release;
		};
/* End XCConfigurationList section */
	};
	rootObject = CC0B3596177907E600AB2646 /* Project object */;
}
